
Microsoft Visual Studio Solution File, Format Version 12.00
# Visual Studio Version 16
VisualStudioVersion = 16.0.31321.278
MinimumVisualStudioVersion = 10.0.40219.1
Project("{FAE04EC0-301F-11D3-BF4B-00C04F79EFBC}") = "UI", "UI\UI.csproj", "{1AE12539-DE2C-468B-B60E-CD00FABD6A47}"
EndProject
Project("{FAE04EC0-301F-11D3-BF4B-00C04F79EFBC}") = "Test", "Test\Test.csproj", "{D95D9C4B-66AD-4E13-8424-F5AA62BCDF17}"
EndProject
Global
	GlobalSection(SolutionConfigurationPlatforms) = preSolution
		Debug|Any CPU = Debug|Any CPU
		Release|Any CPU = Release|Any CPU
	EndGlobalSection
	GlobalSection(ProjectConfigurationPlatforms) = postSolution
		{1AE12539-DE2C-468B-B60E-CD00FABD6A47}.Debug|Any CPU.ActiveCfg = Debug|Any CPU
		{1AE12539-DE2C-468B-B60E-CD00FABD6A47}.Debug|Any CPU.Build.0 = Debug|Any CPU
		{1AE12539-DE2C-468B-B60E-CD00FABD6A47}.Release|Any CPU.ActiveCfg = Release|Any CPU
		{1AE12539-DE2C-468B-B60E-CD00FABD6A47}.Release|Any CPU.Build.0 = Release|Any CPU
		{D95D9C4B-66AD-4E13-8424-F5AA62BCDF17}.Debug|Any CPU.ActiveCfg = Debug|Any CPU
		{D95D9C4B-66AD-4E13-8424-F5AA62BCDF17}.Debug|Any CPU.Build.0 = Debug|Any CPU
		{D95D9C4B-66AD-4E13-8424-F5AA62BCDF17}.Release|Any CPU.ActiveCfg = Release|Any CPU
		{D95D9C4B-66AD-4E13-8424-F5AA62BCDF17}.Release|Any CPU.Build.0 = Release|Any CPU
	EndGlobalSection
	GlobalSection(SolutionProperties) = preSolution
		HideSolutionNode = FALSE
	EndGlobalSection
	GlobalSection(ExtensibilityGlobals) = postSolution
		SolutionGuid = {C162377B-E839-4C70-8EEE-70A94D67B383}
	EndGlobalSection
EndGlobal
